// !$*UTF8*$!
{
	archiveVersion = 1;
	classes = {
	};
	objectVersion = 50;
	objects = {

/* Begin PBXBuildFile section */
		783EF85D23155A0C00AA9556 /* IQTextView.swift in Sources */ = {isa = PBXBuildFile; fileRef = 783EF84723155A0B00AA9556 /* IQTextView.swift */; };
		783EF85E23155A0C00AA9556 /* IQPreviousNextView.swift in Sources */ = {isa = PBXBuildFile; fileRef = 783EF84923155A0B00AA9556 /* IQPreviousNextView.swift */; };
		783EF85F23155A0C00AA9556 /* IQTitleBarButtonItem.swift in Sources */ = {isa = PBXBuildFile; fileRef = 783EF84A23155A0B00AA9556 /* IQTitleBarButtonItem.swift */; };
		783EF86023155A0C00AA9556 /* IQBarButtonItem.swift in Sources */ = {isa = PBXBuildFile; fileRef = 783EF84B23155A0B00AA9556 /* IQBarButtonItem.swift */; };
		783EF86123155A0C00AA9556 /* IQToolbar.swift in Sources */ = {isa = PBXBuildFile; fileRef = 783EF84C23155A0B00AA9556 /* IQToolbar.swift */; };
		783EF86223155A0C00AA9556 /* IQUIView+IQKeyboardToolbar.swift in Sources */ = {isa = PBXBuildFile; fileRef = 783EF84D23155A0B00AA9556 /* IQUIView+IQKeyboardToolbar.swift */; };
		783EF86323155A0C00AA9556 /* IQInvocation.swift in Sources */ = {isa = PBXBuildFile; fileRef = 783EF84E23155A0B00AA9556 /* IQInvocation.swift */; };
		783EF86423155A0C00AA9556 /* IQKeyboardManagerConstantsInternal.swift in Sources */ = {isa = PBXBuildFile; fileRef = 783EF85023155A0B00AA9556 /* IQKeyboardManagerConstantsInternal.swift */; };
		783EF86523155A0C00AA9556 /* IQKeyboardManagerConstants.swift in Sources */ = {isa = PBXBuildFile; fileRef = 783EF85123155A0B00AA9556 /* IQKeyboardManagerConstants.swift */; };
		783EF86623155A0C00AA9556 /* IQKeyboardManager.bundle in Resources */ = {isa = PBXBuildFile; fileRef = 783EF85323155A0B00AA9556 /* IQKeyboardManager.bundle */; };
		783EF86723155A0C00AA9556 /* IQKeyboardReturnKeyHandler.swift in Sources */ = {isa = PBXBuildFile; fileRef = 783EF85423155A0B00AA9556 /* IQKeyboardReturnKeyHandler.swift */; };
		783EF86823155A0C00AA9556 /* IQKeyboardManager.swift in Sources */ = {isa = PBXBuildFile; fileRef = 783EF85523155A0B00AA9556 /* IQKeyboardManager.swift */; };
		783EF86923155A0C00AA9556 /* IQUIScrollView+Additions.swift in Sources */ = {isa = PBXBuildFile; fileRef = 783EF85823155A0B00AA9556 /* IQUIScrollView+Additions.swift */; };
		783EF86A23155A0C00AA9556 /* IQUIViewController+Additions.swift in Sources */ = {isa = PBXBuildFile; fileRef = 783EF85923155A0B00AA9556 /* IQUIViewController+Additions.swift */; };
		783EF86B23155A0C00AA9556 /* IQUITextFieldView+Additions.swift in Sources */ = {isa = PBXBuildFile; fileRef = 783EF85A23155A0B00AA9556 /* IQUITextFieldView+Additions.swift */; };
		783EF86C23155A0C00AA9556 /* IQUIView+Hierarchy.swift in Sources */ = {isa = PBXBuildFile; fileRef = 783EF85B23155A0B00AA9556 /* IQUIView+Hierarchy.swift */; };
		783EF86D23155A0C00AA9556 /* IQNSArray+Sort.swift in Sources */ = {isa = PBXBuildFile; fileRef = 783EF85C23155A0B00AA9556 /* IQNSArray+Sort.swift */; };
		78805F642315369500115FC6 /* TextEditorView.swift in Sources */ = {isa = PBXBuildFile; fileRef = 78805F592315369500115FC6 /* TextEditorView.swift */; };
		78805F652315369500115FC6 /* LaunchScreen.storyboard in Resources */ = {isa = PBXBuildFile; fileRef = 78805F5B2315369500115FC6 /* LaunchScreen.storyboard */; };
		78805F662315369500115FC6 /* AppDelegate.swift in Sources */ = {isa = PBXBuildFile; fileRef = 78805F5D2315369500115FC6 /* AppDelegate.swift */; };
		78805F682315369500115FC6 /* Assets.xcassets in Resources */ = {isa = PBXBuildFile; fileRef = 78805F602315369500115FC6 /* Assets.xcassets */; };
/* End PBXBuildFile section */

/* Begin PBXFileReference section */
		783EF84723155A0B00AA9556 /* IQTextView.swift */ = {isa = PBXFileReference; fileEncoding = 4; lastKnownFileType = sourcecode.swift; path = IQTextView.swift; sourceTree = "<group>"; };
		783EF84923155A0B00AA9556 /* IQPreviousNextView.swift */ = {isa = PBXFileReference; fileEncoding = 4; lastKnownFileType = sourcecode.swift; path = IQPreviousNextView.swift; sourceTree = "<group>"; };
		783EF84A23155A0B00AA9556 /* IQTitleBarButtonItem.swift */ = {isa = PBXFileReference; fileEncoding = 4; lastKnownFileType = sourcecode.swift; path = IQTitleBarButtonItem.swift; sourceTree = "<group>"; };
		783EF84B23155A0B00AA9556 /* IQBarButtonItem.swift */ = {isa = PBXFileReference; fileEncoding = 4; lastKnownFileType = sourcecode.swift; path = IQBarButtonItem.swift; sourceTree = "<group>"; };
		783EF84C23155A0B00AA9556 /* IQToolbar.swift */ = {isa = PBXFileReference; fileEncoding = 4; lastKnownFileType = sourcecode.swift; path = IQToolbar.swift; sourceTree = "<group>"; };
		783EF84D23155A0B00AA9556 /* IQUIView+IQKeyboardToolbar.swift */ = {isa = PBXFileReference; fileEncoding = 4; lastKnownFileType = sourcecode.swift; path = "IQUIView+IQKeyboardToolbar.swift"; sourceTree = "<group>"; };
		783EF84E23155A0B00AA9556 /* IQInvocation.swift */ = {isa = PBXFileReference; fileEncoding = 4; lastKnownFileType = sourcecode.swift; path = IQInvocation.swift; sourceTree = "<group>"; };
		783EF85023155A0B00AA9556 /* IQKeyboardManagerConstantsInternal.swift */ = {isa = PBXFileReference; fileEncoding = 4; lastKnownFileType = sourcecode.swift; path = IQKeyboardManagerConstantsInternal.swift; sourceTree = "<group>"; };
		783EF85123155A0B00AA9556 /* IQKeyboardManagerConstants.swift */ = {isa = PBXFileReference; fileEncoding = 4; lastKnownFileType = sourcecode.swift; path = IQKeyboardManagerConstants.swift; sourceTree = "<group>"; };
		783EF85323155A0B00AA9556 /* IQKeyboardManager.bundle */ = {isa = PBXFileReference; lastKnownFileType = "wrapper.plug-in"; path = IQKeyboardManager.bundle; sourceTree = "<group>"; };
		783EF85423155A0B00AA9556 /* IQKeyboardReturnKeyHandler.swift */ = {isa = PBXFileReference; fileEncoding = 4; lastKnownFileType = sourcecode.swift; path = IQKeyboardReturnKeyHandler.swift; sourceTree = "<group>"; };
		783EF85523155A0B00AA9556 /* IQKeyboardManager.swift */ = {isa = PBXFileReference; fileEncoding = 4; lastKnownFileType = sourcecode.swift; path = IQKeyboardManager.swift; sourceTree = "<group>"; };
		783EF85623155A0B00AA9556 /* IQKeyboardManagerSwift.h */ = {isa = PBXFileReference; fileEncoding = 4; lastKnownFileType = sourcecode.c.h; path = IQKeyboardManagerSwift.h; sourceTree = "<group>"; };
		783EF85823155A0B00AA9556 /* IQUIScrollView+Additions.swift */ = {isa = PBXFileReference; fileEncoding = 4; lastKnownFileType = sourcecode.swift; path = "IQUIScrollView+Additions.swift"; sourceTree = "<group>"; };
		783EF85923155A0B00AA9556 /* IQUIViewController+Additions.swift */ = {isa = PBXFileReference; fileEncoding = 4; lastKnownFileType = sourcecode.swift; path = "IQUIViewController+Additions.swift"; sourceTree = "<group>"; };
		783EF85A23155A0B00AA9556 /* IQUITextFieldView+Additions.swift */ = {isa = PBXFileReference; fileEncoding = 4; lastKnownFileType = sourcecode.swift; path = "IQUITextFieldView+Additions.swift"; sourceTree = "<group>"; };
		783EF85B23155A0B00AA9556 /* IQUIView+Hierarchy.swift */ = {isa = PBXFileReference; fileEncoding = 4; lastKnownFileType = sourcecode.swift; path = "IQUIView+Hierarchy.swift"; sourceTree = "<group>"; };
		783EF85C23155A0B00AA9556 /* IQNSArray+Sort.swift */ = {isa = PBXFileReference; fileEncoding = 4; lastKnownFileType = sourcecode.swift; path = "IQNSArray+Sort.swift"; sourceTree = "<group>"; };
		78805F39231530E300115FC6 /* TextEditor.app */ = {isa = PBXFileReference; explicitFileType = wrapper.application; includeInIndex = 0; path = TextEditor.app; sourceTree = BUILT_PRODUCTS_DIR; };
		78805F592315369500115FC6 /* TextEditorView.swift */ = {isa = PBXFileReference; fileEncoding = 4; lastKnownFileType = sourcecode.swift; path = TextEditorView.swift; sourceTree = "<group>"; };
		78805F5C2315369500115FC6 /* Base */ = {isa = PBXFileReference; lastKnownFileType = file.storyboard; name = Base; path = Base.lproj/LaunchScreen.storyboard; sourceTree = "<group>"; };
		78805F5D2315369500115FC6 /* AppDelegate.swift */ = {isa = PBXFileReference; fileEncoding = 4; lastKnownFileType = sourcecode.swift; path = AppDelegate.swift; sourceTree = "<group>"; };
		78805F602315369500115FC6 /* Assets.xcassets */ = {isa = PBXFileReference; lastKnownFileType = folder.assetcatalog; path = Assets.xcassets; sourceTree = "<group>"; };
		78805F69231538CD00115FC6 /* Info.plist */ = {isa = PBXFileReference; fileEncoding = 4; lastKnownFileType = text.plist.xml; path = Info.plist; sourceTree = "<group>"; };
/* End PBXFileReference section */

/* Begin PBXFrameworksBuildPhase section */
		78805F36231530E200115FC6 /* Frameworks */ = {
			isa = PBXFrameworksBuildPhase;
			buildActionMask = 2147483647;
			files = (
			);
			runOnlyForDeploymentPostprocessing = 0;
		};
/* End PBXFrameworksBuildPhase section */

/* Begin PBXGroup section */
		783EF84523155A0B00AA9556 /* IQKeyboardManagerSwift */ = {
			isa = PBXGroup;
			children = (
				783EF84623155A0B00AA9556 /* IQTextView */,
				783EF84823155A0B00AA9556 /* IQToolbar */,
				783EF84F23155A0B00AA9556 /* Constants */,
				783EF85223155A0B00AA9556 /* Resources */,
				783EF85423155A0B00AA9556 /* IQKeyboardReturnKeyHandler.swift */,
				783EF85523155A0B00AA9556 /* IQKeyboardManager.swift */,
				783EF85623155A0B00AA9556 /* IQKeyboardManagerSwift.h */,
				783EF85723155A0B00AA9556 /* Categories */,
			);
			path = IQKeyboardManagerSwift;
			sourceTree = "<group>";
		};
		783EF84623155A0B00AA9556 /* IQTextView */ = {
			isa = PBXGroup;
			children = (
				783EF84723155A0B00AA9556 /* IQTextView.swift */,
			);
			path = IQTextView;
			sourceTree = "<group>";
		};
		783EF84823155A0B00AA9556 /* IQToolbar */ = {
			isa = PBXGroup;
			children = (
				783EF84923155A0B00AA9556 /* IQPreviousNextView.swift */,
				783EF84A23155A0B00AA9556 /* IQTitleBarButtonItem.swift */,
				783EF84B23155A0B00AA9556 /* IQBarButtonItem.swift */,
				783EF84C23155A0B00AA9556 /* IQToolbar.swift */,
				783EF84D23155A0B00AA9556 /* IQUIView+IQKeyboardToolbar.swift */,
				783EF84E23155A0B00AA9556 /* IQInvocation.swift */,
			);
			path = IQToolbar;
			sourceTree = "<group>";
		};
		783EF84F23155A0B00AA9556 /* Constants */ = {
			isa = PBXGroup;
			children = (
				783EF85023155A0B00AA9556 /* IQKeyboardManagerConstantsInternal.swift */,
				783EF85123155A0B00AA9556 /* IQKeyboardManagerConstants.swift */,
			);
			path = Constants;
			sourceTree = "<group>";
		};
		783EF85223155A0B00AA9556 /* Resources */ = {
			isa = PBXGroup;
			children = (
				783EF85323155A0B00AA9556 /* IQKeyboardManager.bundle */,
			);
			path = Resources;
			sourceTree = "<group>";
		};
		783EF85723155A0B00AA9556 /* Categories */ = {
			isa = PBXGroup;
			children = (
				783EF85823155A0B00AA9556 /* IQUIScrollView+Additions.swift */,
				783EF85923155A0B00AA9556 /* IQUIViewController+Additions.swift */,
				783EF85A23155A0B00AA9556 /* IQUITextFieldView+Additions.swift */,
				783EF85B23155A0B00AA9556 /* IQUIView+Hierarchy.swift */,
				783EF85C23155A0B00AA9556 /* IQNSArray+Sort.swift */,
			);
			path = Categories;
			sourceTree = "<group>";
		};
		78805F30231530D500115FC6 = {
			isa = PBXGroup;
			children = (
				78805F4E2315369500115FC6 /* TextEditor */,
				78805F3A231530E300115FC6 /* Products */,
			);
			sourceTree = "<group>";
		};
		78805F3A231530E300115FC6 /* Products */ = {
			isa = PBXGroup;
			children = (
				78805F39231530E300115FC6 /* TextEditor.app */,
			);
			name = Products;
			sourceTree = "<group>";
		};
		78805F4E2315369500115FC6 /* TextEditor */ = {
			isa = PBXGroup;
			children = (
				78805F4F2315369500115FC6 /* App */,
				78805F5A2315369500115FC6 /* Main */,
				78805F5F2315369500115FC6 /* Assets */,
			);
			path = TextEditor;
			sourceTree = "<group>";
		};
		78805F4F2315369500115FC6 /* App */ = {
			isa = PBXGroup;
			children = (
				78805F572315369500115FC6 /* TextEditorView */,
			);
			path = App;
			sourceTree = "<group>";
		};
		78805F572315369500115FC6 /* TextEditorView */ = {
			isa = PBXGroup;
			children = (
				78805F582315369500115FC6 /* View */,
			);
			path = TextEditorView;
			sourceTree = "<group>";
		};
		78805F582315369500115FC6 /* View */ = {
			isa = PBXGroup;
			children = (
				78805F592315369500115FC6 /* TextEditorView.swift */,
			);
			path = View;
			sourceTree = "<group>";
		};
		78805F5A2315369500115FC6 /* Main */ = {
			isa = PBXGroup;
			children = (
				783EF84523155A0B00AA9556 /* IQKeyboardManagerSwift */,
				78805F69231538CD00115FC6 /* Info.plist */,
				78805F5B2315369500115FC6 /* LaunchScreen.storyboard */,
				78805F5D2315369500115FC6 /* AppDelegate.swift */,
			);
			path = Main;
			sourceTree = "<group>";
		};
		78805F5F2315369500115FC6 /* Assets */ = {
			isa = PBXGroup;
			children = (
				78805F602315369500115FC6 /* Assets.xcassets */,
			);
			path = Assets;
			sourceTree = "<group>";
		};
/* End PBXGroup section */

/* Begin PBXNativeTarget section */
		78805F38231530E200115FC6 /* TextEditor */ = {
			isa = PBXNativeTarget;
			buildConfigurationList = 78805F4B2315316800115FC6 /* Build configuration list for PBXNativeTarget "TextEditor" */;
			buildPhases = (
				78805F35231530E200115FC6 /* Sources */,
				78805F36231530E200115FC6 /* Frameworks */,
				78805F37231530E200115FC6 /* Resources */,
			);
			buildRules = (
			);
			dependencies = (
			);
			name = TextEditor;
			productName = TextEditor;
			productReference = 78805F39231530E300115FC6 /* TextEditor.app */;
			productType = "com.apple.product-type.application";
		};
/* End PBXNativeTarget section */

/* Begin PBXProject section */
		78805F31231530D600115FC6 /* Project object */ = {
			isa = PBXProject;
			attributes = {
				LastSwiftUpdateCheck = 1020;
				LastUpgradeCheck = 1020;
				ORGANIZATIONNAME = VirtualDusk;
				TargetAttributes = {
					78805F38231530E200115FC6 = {
						CreatedOnToolsVersion = 10.2.1;
					};
				};
			};
			buildConfigurationList = 78805F34231530E000115FC6 /* Build configuration list for PBXProject "TextEditor" */;
			compatibilityVersion = "Xcode 9.3";
			developmentRegion = en;
			hasScannedForEncodings = 0;
			knownRegions = (
				en,
				Base,
			);
			mainGroup = 78805F30231530D500115FC6;
			productRefGroup = 78805F3A231530E300115FC6 /* Products */;
			projectDirPath = "";
			projectRoot = "";
			targets = (
				78805F38231530E200115FC6 /* TextEditor */,
			);
		};
/* End PBXProject section */

/* Begin PBXResourcesBuildPhase section */
		78805F37231530E200115FC6 /* Resources */ = {
			isa = PBXResourcesBuildPhase;
			buildActionMask = 2147483647;
			files = (
				78805F682315369500115FC6 /* Assets.xcassets in Resources */,
				78805F652315369500115FC6 /* LaunchScreen.storyboard in Resources */,
				783EF86623155A0C00AA9556 /* IQKeyboardManager.bundle in Resources */,
			);
			runOnlyForDeploymentPostprocessing = 0;
		};
/* End PBXResourcesBuildPhase section */

/* Begin PBXSourcesBuildPhase section */
		78805F35231530E200115FC6 /* Sources */ = {
			isa = PBXSourcesBuildPhase;
			buildActionMask = 2147483647;
			files = (
				783EF86023155A0C00AA9556 /* IQBarButtonItem.swift in Sources */,
				783EF86523155A0C00AA9556 /* IQKeyboardManagerConstants.swift in Sources */,
				783EF86723155A0C00AA9556 /* IQKeyboardReturnKeyHandler.swift in Sources */,
				783EF86123155A0C00AA9556 /* IQToolbar.swift in Sources */,
				783EF86823155A0C00AA9556 /* IQKeyboardManager.swift in Sources */,
				783EF86923155A0C00AA9556 /* IQUIScrollView+Additions.swift in Sources */,
				783EF86B23155A0C00AA9556 /* IQUITextFieldView+Additions.swift in Sources */,
				783EF86C23155A0C00AA9556 /* IQUIView+Hierarchy.swift in Sources */,
				783EF86D23155A0C00AA9556 /* IQNSArray+Sort.swift in Sources */,
				783EF85E23155A0C00AA9556 /* IQPreviousNextView.swift in Sources */,
				78805F642315369500115FC6 /* TextEditorView.swift in Sources */,
				78805F662315369500115FC6 /* AppDelegate.swift in Sources */,
				783EF86423155A0C00AA9556 /* IQKeyboardManagerConstantsInternal.swift in Sources */,
				783EF85D23155A0C00AA9556 /* IQTextView.swift in Sources */,
				783EF86323155A0C00AA9556 /* IQInvocation.swift in Sources */,
				783EF86A23155A0C00AA9556 /* IQUIViewController+Additions.swift in Sources */,
				783EF86223155A0C00AA9556 /* IQUIView+IQKeyboardToolbar.swift in Sources */,
				783EF85F23155A0C00AA9556 /* IQTitleBarButtonItem.swift in Sources */,
			);
			runOnlyForDeploymentPostprocessing = 0;
		};
/* End PBXSourcesBuildPhase section */

/* Begin PBXVariantGroup section */
		78805F5B2315369500115FC6 /* LaunchScreen.storyboard */ = {
			isa = PBXVariantGroup;
			children = (
				78805F5C2315369500115FC6 /* Base */,
			);
			name = LaunchScreen.storyboard;
			sourceTree = "<group>";
		};
/* End PBXVariantGroup section */

/* Begin XCBuildConfiguration section */
		78805F492315316700115FC6 /* Debug */ = {
			isa = XCBuildConfiguration;
			buildSettings = {
				ALWAYS_SEARCH_USER_PATHS = NO;
				CLANG_ANALYZER_NONNULL = YES;
				CLANG_ANALYZER_NUMBER_OBJECT_CONVERSION = YES_AGGRESSIVE;
				CLANG_CXX_LANGUAGE_STANDARD = "gnu++14";
				CLANG_CXX_LIBRARY = "libc++";
				CLANG_ENABLE_MODULES = YES;
				CLANG_ENABLE_OBJC_ARC = YES;
				CLANG_ENABLE_OBJC_WEAK = YES;
				CLANG_WARN_BLOCK_CAPTURE_AUTORELEASING = YES;
				CLANG_WARN_BOOL_CONVERSION = YES;
				CLANG_WARN_COMMA = YES;
				CLANG_WARN_CONSTANT_CONVERSION = YES;
				CLANG_WARN_DEPRECATED_OBJC_IMPLEMENTATIONS = YES;
				CLANG_WARN_DIRECT_OBJC_ISA_USAGE = YES_ERROR;
				CLANG_WARN_DOCUMENTATION_COMMENTS = YES;
				CLANG_WARN_EMPTY_BODY = YES;
				CLANG_WARN_ENUM_CONVERSION = YES;
				CLANG_WARN_INFINITE_RECURSION = YES;
				CLANG_WARN_INT_CONVERSION = YES;
				CLANG_WARN_NON_LITERAL_NULL_CONVERSION = YES;
				CLANG_WARN_OBJC_IMPLICIT_RETAIN_SELF = YES;
				CLANG_WARN_OBJC_LITERAL_CONVERSION = YES;
				CLANG_WARN_OBJC_ROOT_CLASS = YES_ERROR;
				CLANG_WARN_RANGE_LOOP_ANALYSIS = YES;
				CLANG_WARN_STRICT_PROTOTYPES = YES;
				CLANG_WARN_SUSPICIOUS_MOVE = YES;
				CLANG_WARN_UNGUARDED_AVAILABILITY = YES_AGGRESSIVE;
				CLANG_WARN_UNREACHABLE_CODE = YES;
				CLANG_WARN__DUPLICATE_METHOD_MATCH = YES;
				CODE_SIGN_IDENTITY = "iPhone Developer";
				COPY_PHASE_STRIP = NO;
				DEBUG_INFORMATION_FORMAT = dwarf;
				ENABLE_STRICT_OBJC_MSGSEND = YES;
				ENABLE_TESTABILITY = YES;
				GCC_C_LANGUAGE_STANDARD = gnu11;
				GCC_DYNAMIC_NO_PIC = NO;
				GCC_NO_COMMON_BLOCKS = YES;
				GCC_OPTIMIZATION_LEVEL = 0;
				GCC_PREPROCESSOR_DEFINITIONS = (
					"DEBUG=1",
					"$(inherited)",
				);
				GCC_WARN_64_TO_32_BIT_CONVERSION = YES;
				GCC_WARN_ABOUT_RETURN_TYPE = YES_ERROR;
				GCC_WARN_UNDECLARED_SELECTOR = YES;
				GCC_WARN_UNINITIALIZED_AUTOS = YES_AGGRESSIVE;
				GCC_WARN_UNUSED_FUNCTION = YES;
				GCC_WARN_UNUSED_VARIABLE = YES;
				IPHONEOS_DEPLOYMENT_TARGET = 12.2;
				MTL_ENABLE_DEBUG_INFO = INCLUDE_SOURCE;
				MTL_FAST_MATH = YES;
				ONLY_ACTIVE_ARCH = YES;
				SDKROOT = iphoneos;
				SWIFT_ACTIVE_COMPILATION_CONDITIONS = DEBUG;
				SWIFT_OPTIMIZATION_LEVEL = "-Onone";
			};
			name = Debug;
		};
		78805F4A2315316700115FC6 /* Release */ = {
			isa = XCBuildConfiguration;
			buildSettings = {
				ALWAYS_SEARCH_USER_PATHS = NO;
				CLANG_ANALYZER_NONNULL = YES;
				CLANG_ANALYZER_NUMBER_OBJECT_CONVERSION = YES_AGGRESSIVE;
				CLANG_CXX_LANGUAGE_STANDARD = "gnu++14";
				CLANG_CXX_LIBRARY = "libc++";
				CLANG_ENABLE_MODULES = YES;
				CLANG_ENABLE_OBJC_ARC = YES;
				CLANG_ENABLE_OBJC_WEAK = YES;
				CLANG_WARN_BLOCK_CAPTURE_AUTORELEASING = YES;
				CLANG_WARN_BOOL_CONVERSION = YES;
				CLANG_WARN_COMMA = YES;
				CLANG_WARN_CONSTANT_CONVERSION = YES;
				CLANG_WARN_DEPRECATED_OBJC_IMPLEMENTATIONS = YES;
				CLANG_WARN_DIRECT_OBJC_ISA_USAGE = YES_ERROR;
				CLANG_WARN_DOCUMENTATION_COMMENTS = YES;
				CLANG_WARN_EMPTY_BODY = YES;
				CLANG_WARN_ENUM_CONVERSION = YES;
				CLANG_WARN_INFINITE_RECURSION = YES;
				CLANG_WARN_INT_CONVERSION = YES;
				CLANG_WARN_NON_LITERAL_NULL_CONVERSION = YES;
				CLANG_WARN_OBJC_IMPLICIT_RETAIN_SELF = YES;
				CLANG_WARN_OBJC_LITERAL_CONVERSION = YES;
				CLANG_WARN_OBJC_ROOT_CLASS = YES_ERROR;
				CLANG_WARN_RANGE_LOOP_ANALYSIS = YES;
				CLANG_WARN_STRICT_PROTOTYPES = YES;
				CLANG_WARN_SUSPICIOUS_MOVE = YES;
				CLANG_WARN_UNGUARDED_AVAILABILITY = YES_AGGRESSIVE;
				CLANG_WARN_UNREACHABLE_CODE = YES;
				CLANG_WARN__DUPLICATE_METHOD_MATCH = YES;
				CODE_SIGN_IDENTITY = "iPhone Developer";
				COPY_PHASE_STRIP = NO;
				DEBUG_INFORMATION_FORMAT = "dwarf-with-dsym";
				ENABLE_NS_ASSERTIONS = NO;
				ENABLE_STRICT_OBJC_MSGSEND = YES;
				GCC_C_LANGUAGE_STANDARD = gnu11;
				GCC_NO_COMMON_BLOCKS = YES;
				GCC_WARN_64_TO_32_BIT_CONVERSION = YES;
				GCC_WARN_ABOUT_RETURN_TYPE = YES_ERROR;
				GCC_WARN_UNDECLARED_SELECTOR = YES;
				GCC_WARN_UNINITIALIZED_AUTOS = YES_AGGRESSIVE;
				GCC_WARN_UNUSED_FUNCTION = YES;
				GCC_WARN_UNUSED_VARIABLE = YES;
				IPHONEOS_DEPLOYMENT_TARGET = 12.2;
				MTL_ENABLE_DEBUG_INFO = NO;
				MTL_FAST_MATH = YES;
				SDKROOT = iphoneos;
				SWIFT_COMPILATION_MODE = wholemodule;
				SWIFT_OPTIMIZATION_LEVEL = "-O";
				VALIDATE_PRODUCT = YES;
			};
			name = Release;
		};
		78805F4C2315316800115FC6 /* Debug */ = {
			isa = XCBuildConfiguration;
			buildSettings = {
				ASSETCATALOG_COMPILER_APPICON_NAME = AppIcon;
				CODE_SIGN_STYLE = Automatic;
				DEVELOPMENT_TEAM = H7KK72LLTC;
				INFOPLIST_FILE = "$(SRCROOT)/TextEditor/Main/Info.plist";
				IPHONEOS_DEPLOYMENT_TARGET = 11.1;
				LD_RUNPATH_SEARCH_PATHS = (
					"$(inherited)",
					"@executable_path/Frameworks",
				);
				PRODUCT_BUNDLE_IDENTIFIER = "-";
				PRODUCT_NAME = "$(TARGET_NAME)";
				SWIFT_VERSION = 5.0;
				TARGETED_DEVICE_FAMILY = "1,2";
			};
			name = Debug;
		};
		78805F4D2315316800115FC6 /* Release */ = {
			isa = XCBuildConfiguration;
			buildSettings = {
				ASSETCATALOG_COMPILER_APPICON_NAME = AppIcon;
				CODE_SIGN_STYLE = Automatic;
				DEVELOPMENT_TEAM = H7KK72LLTC;
				INFOPLIST_FILE = "$(SRCROOT)/TextEditor/Main/Info.plist";
				IPHONEOS_DEPLOYMENT_TARGET = 11.1;
				LD_RUNPATH_SEARCH_PATHS = (
					"$(inherited)",
					"@executable_path/Frameworks",
				);
				PRODUCT_BUNDLE_IDENTIFIER = "-";
				PRODUCT_NAME = "$(TARGET_NAME)";
				SWIFT_VERSION = 5.0;
				TARGETED_DEVICE_FAMILY = "1,2";
			};
			name = Release;
		};
/* End XCBuildConfiguration section */

/* Begin XCConfigurationList section */
		78805F34231530E000115FC6 /* Build configuration list for PBXProject "TextEditor" */ = {
			isa = XCConfigurationList;
			buildConfigurations = (
				78805F492315316700115FC6 /* Debug */,
				78805F4A2315316700115FC6 /* Release */,
			);
			defaultConfigurationIsVisible = 0;
			defaultConfigurationName = Release;
		};
		78805F4B2315316800115FC6 /* Build configuration list for PBXNativeTarget "TextEditor" */ = {
			isa = XCConfigurationList;
			buildConfigurations = (
				78805F4C2315316800115FC6 /* Debug */,
				78805F4D2315316800115FC6 /* Release */,
			);
			defaultConfigurationIsVisible = 0;
			defaultConfigurationName = Release;
		};
/* End XCConfigurationList section */
	};
	rootObject = 78805F31231530D600115FC6 /* Project object */;
}
